
Microsoft Visual Studio Solution File, Format Version 12.00
# Visual Studio Version 17
VisualStudioVersion = 17.4.33213.308
MinimumVisualStudioVersion = 10.0.40219.1
Project("{FAE04EC0-301F-11D3-BF4B-00C04F79EFBC}") = "CodeGenerator", "CodeGenerator\CodeGenerator.csproj", "{FAB1458B-E955-456C-B556-F55A9FE62F69}"
EndProject
Global
	GlobalSection(SolutionConfigurationPlatforms) = preSolution
		Debug|Any CPU = Debug|Any CPU
		Release|Any CPU = Release|Any CPU
	EndGlobalSection
	GlobalSection(ProjectConfigurationPlatforms) = postSolution
		{FAB1458B-E955-456C-B556-F55A9FE62F69}.Debug|Any CPU.ActiveCfg = Debug|Any CPU
		{FAB1458B-E955-456C-B556-F55A9FE62F69}.Debug|Any CPU.Build.0 = Debug|Any CPU
		{FAB1458B-E955-456C-B556-F55A9FE62F69}.Release|Any CPU.ActiveCfg = Release|Any CPU
		{FAB1458B-E955-456C-B556-F55A9FE62F69}.Release|Any CPU.Build.0 = Release|Any CPU
	EndGlobalSection
	GlobalSection(SolutionProperties) = preSolution
		HideSolutionNode = FALSE
	EndGlobalSection
	GlobalSection(ExtensibilityGlobals) = postSolution
		SolutionGuid = {56902411-1B4B-4E69-8FFB-0A6D8E5E4137}
	EndGlobalSection
EndGlobal
